
Microsoft Visual Studio Solution File, Format Version 12.00
Project("{2150E333-8FDC-42A3-9474-1A3956D46DE8}") = "src", "src", "{5FF785BE-B704-4FBD-9393-38034880D299}"
EndProject
Project("{2150E333-8FDC-42A3-9474-1A3956D46DE8}") = "tests", "tests", "{E3E5664C-7CFC-470E-B4DD-90AAE2F7D552}"
EndProject
Project("{FAE04EC0-301F-11D3-BF4B-00C04F79EFBC}") = "MyGraphQLAPI.Domain", " MyGraphQLAPI.Domain\MyGraphQLAPI.Domain.csproj", "{B992F28B-7ECC-4CDD-B23C-BF181A5F53C4}"
EndProject
Project("{FAE04EC0-301F-11D3-BF4B-00C04F79EFBC}") = "MyGraphQLAPI.Application", "MyGraphQLAPI.Application\MyGraphQLAPI.Application.csproj", "{10C46549-A1CE-4D0B-A90B-1F1C0F09221A}"
EndProject
Project("{FAE04EC0-301F-11D3-BF4B-00C04F79EFBC}") = "MyGraphQLAPI.Infrastructure", "MyGraphQLAPI.Infrastructure\MyGraphQLAPI.Infrastructure.csproj", "{91ED59EA-0188-4367-81E1-E7287B58A50A}"
EndProject
Project("{FAE04EC0-301F-11D3-BF4B-00C04F79EFBC}") = "MyGraphQLAPI.API", "MyGraphQLAPI.API\MyGraphQLAPI.API.csproj", "{7DEC0D18-D0E6-422D-BDCB-763C63F60484}"
EndProject
Global
	GlobalSection(SolutionConfigurationPlatforms) = preSolution
		Debug|Any CPU = Debug|Any CPU
		Release|Any CPU = Release|Any CPU
	EndGlobalSection
	GlobalSection(NestedProjects) = preSolution
		{B992F28B-7ECC-4CDD-B23C-BF181A5F53C4} = {5FF785BE-B704-4FBD-9393-38034880D299}
		{10C46549-A1CE-4D0B-A90B-1F1C0F09221A} = {5FF785BE-B704-4FBD-9393-38034880D299}
		{91ED59EA-0188-4367-81E1-E7287B58A50A} = {5FF785BE-B704-4FBD-9393-38034880D299}
		{7DEC0D18-D0E6-422D-BDCB-763C63F60484} = {5FF785BE-B704-4FBD-9393-38034880D299}
	EndGlobalSection
	GlobalSection(ProjectConfigurationPlatforms) = postSolution
		{B992F28B-7ECC-4CDD-B23C-BF181A5F53C4}.Debug|Any CPU.ActiveCfg = Debug|Any CPU
		{B992F28B-7ECC-4CDD-B23C-BF181A5F53C4}.Debug|Any CPU.Build.0 = Debug|Any CPU
		{B992F28B-7ECC-4CDD-B23C-BF181A5F53C4}.Release|Any CPU.ActiveCfg = Release|Any CPU
		{B992F28B-7ECC-4CDD-B23C-BF181A5F53C4}.Release|Any CPU.Build.0 = Release|Any CPU
		{10C46549-A1CE-4D0B-A90B-1F1C0F09221A}.Debug|Any CPU.ActiveCfg = Debug|Any CPU
		{10C46549-A1CE-4D0B-A90B-1F1C0F09221A}.Debug|Any CPU.Build.0 = Debug|Any CPU
		{10C46549-A1CE-4D0B-A90B-1F1C0F09221A}.Release|Any CPU.ActiveCfg = Release|Any CPU
		{10C46549-A1CE-4D0B-A90B-1F1C0F09221A}.Release|Any CPU.Build.0 = Release|Any CPU
		{91ED59EA-0188-4367-81E1-E7287B58A50A}.Debug|Any CPU.ActiveCfg = Debug|Any CPU
		{91ED59EA-0188-4367-81E1-E7287B58A50A}.Debug|Any CPU.Build.0 = Debug|Any CPU
		{91ED59EA-0188-4367-81E1-E7287B58A50A}.Release|Any CPU.ActiveCfg = Release|Any CPU
		{91ED59EA-0188-4367-81E1-E7287B58A50A}.Release|Any CPU.Build.0 = Release|Any CPU
		{7DEC0D18-D0E6-422D-BDCB-763C63F60484}.Debug|Any CPU.ActiveCfg = Debug|Any CPU
		{7DEC0D18-D0E6-422D-BDCB-763C63F60484}.Debug|Any CPU.Build.0 = Debug|Any CPU
		{7DEC0D18-D0E6-422D-BDCB-763C63F60484}.Release|Any CPU.ActiveCfg = Release|Any CPU
		{7DEC0D18-D0E6-422D-BDCB-763C63F60484}.Release|Any CPU.Build.0 = Release|Any CPU
	EndGlobalSection
EndGlobal
